
Microsoft Visual Studio Solution File, Format Version 12.00
# Visual Studio Version 17
VisualStudioVersion = 17.5.33627.172
MinimumVisualStudioVersion = 10.0.40219.1
Project("{2150E333-8FDC-42A3-9474-1A3956D46DE8}") = "src", "src", "{72E8E1A1-FBF1-4830-9475-A8A7858C77CF}"
EndProject
Project("{2150E333-8FDC-42A3-9474-1A3956D46DE8}") = "Core", "Core", "{2D994CDA-7579-42EC-A97A-060E33A311F8}"
EndProject
Project("{2150E333-8FDC-42A3-9474-1A3956D46DE8}") = "Infrastructure", "Infrastructure", "{AC05AAEA-12DA-4DD9-8035-2F18A9220642}"
EndProject
Project("{2150E333-8FDC-42A3-9474-1A3956D46DE8}") = "Presentation", "Presentation", "{C450CFCF-A970-484B-9376-37F723D7FB86}"
EndProject
Project("{FAE04EC0-301F-11D3-BF4B-00C04F79EFBC}") = "Portal.Domain", "src\Core\Portal.Domain\Portal.Domain.csproj", "{6186C468-937F-44BA-B98D-EC9FC10C8FA8}"
EndProject
Project("{FAE04EC0-301F-11D3-BF4B-00C04F79EFBC}") = "Portal.Application", "src\Core\Portal.Application\Portal.Application.csproj", "{3B889046-EB83-403A-844E-B5D89B1D610E}"
EndProject
Project("{FAE04EC0-301F-11D3-BF4B-00C04F79EFBC}") = "Portal.Infrastructure", "src\Infrastructure\Portal.Infrastructure\Portal.Infrastructure.csproj", "{588CDDDB-DAB9-4F4C-A9F5-32AE81F12C07}"
EndProject
Project("{FAE04EC0-301F-11D3-BF4B-00C04F79EFBC}") = "Portal.Persistence", "src\Infrastructure\Portal.Persistence\Portal.Persistence.csproj", "{4654C89D-50CD-4FF9-9F5C-FE1E154CA185}"
EndProject
Project("{FAE04EC0-301F-11D3-BF4B-00C04F79EFBC}") = "Portal.WebAPI", "src\Presentation\Portal.WebAPI\Portal.WebAPI.csproj", "{48DA61CD-8A61-462D-AB6E-F2916BA518C6}"
EndProject
Global
	GlobalSection(SolutionConfigurationPlatforms) = preSolution
		Debug|Any CPU = Debug|Any CPU
		Release|Any CPU = Release|Any CPU
	EndGlobalSection
	GlobalSection(ProjectConfigurationPlatforms) = postSolution
		{6186C468-937F-44BA-B98D-EC9FC10C8FA8}.Debug|Any CPU.ActiveCfg = Debug|Any CPU
		{6186C468-937F-44BA-B98D-EC9FC10C8FA8}.Debug|Any CPU.Build.0 = Debug|Any CPU
		{6186C468-937F-44BA-B98D-EC9FC10C8FA8}.Release|Any CPU.ActiveCfg = Release|Any CPU
		{6186C468-937F-44BA-B98D-EC9FC10C8FA8}.Release|Any CPU.Build.0 = Release|Any CPU
		{3B889046-EB83-403A-844E-B5D89B1D610E}.Debug|Any CPU.ActiveCfg = Debug|Any CPU
		{3B889046-EB83-403A-844E-B5D89B1D610E}.Debug|Any CPU.Build.0 = Debug|Any CPU
		{3B889046-EB83-403A-844E-B5D89B1D610E}.Release|Any CPU.ActiveCfg = Release|Any CPU
		{3B889046-EB83-403A-844E-B5D89B1D610E}.Release|Any CPU.Build.0 = Release|Any CPU
		{588CDDDB-DAB9-4F4C-A9F5-32AE81F12C07}.Debug|Any CPU.ActiveCfg = Debug|Any CPU
		{588CDDDB-DAB9-4F4C-A9F5-32AE81F12C07}.Debug|Any CPU.Build.0 = Debug|Any CPU
		{588CDDDB-DAB9-4F4C-A9F5-32AE81F12C07}.Release|Any CPU.ActiveCfg = Release|Any CPU
		{588CDDDB-DAB9-4F4C-A9F5-32AE81F12C07}.Release|Any CPU.Build.0 = Release|Any CPU
		{4654C89D-50CD-4FF9-9F5C-FE1E154CA185}.Debug|Any CPU.ActiveCfg = Debug|Any CPU
		{4654C89D-50CD-4FF9-9F5C-FE1E154CA185}.Debug|Any CPU.Build.0 = Debug|Any CPU
		{4654C89D-50CD-4FF9-9F5C-FE1E154CA185}.Release|Any CPU.ActiveCfg = Release|Any CPU
		{4654C89D-50CD-4FF9-9F5C-FE1E154CA185}.Release|Any CPU.Build.0 = Release|Any CPU
		{48DA61CD-8A61-462D-AB6E-F2916BA518C6}.Debug|Any CPU.ActiveCfg = Debug|Any CPU
		{48DA61CD-8A61-462D-AB6E-F2916BA518C6}.Debug|Any CPU.Build.0 = Debug|Any CPU
		{48DA61CD-8A61-462D-AB6E-F2916BA518C6}.Release|Any CPU.ActiveCfg = Release|Any CPU
		{48DA61CD-8A61-462D-AB6E-F2916BA518C6}.Release|Any CPU.Build.0 = Release|Any CPU
	EndGlobalSection
	GlobalSection(SolutionProperties) = preSolution
		HideSolutionNode = FALSE
	EndGlobalSection
	GlobalSection(NestedProjects) = preSolution
		{2D994CDA-7579-42EC-A97A-060E33A311F8} = {72E8E1A1-FBF1-4830-9475-A8A7858C77CF}
		{AC05AAEA-12DA-4DD9-8035-2F18A9220642} = {72E8E1A1-FBF1-4830-9475-A8A7858C77CF}
		{C450CFCF-A970-484B-9376-37F723D7FB86} = {72E8E1A1-FBF1-4830-9475-A8A7858C77CF}
		{6186C468-937F-44BA-B98D-EC9FC10C8FA8} = {2D994CDA-7579-42EC-A97A-060E33A311F8}
		{3B889046-EB83-403A-844E-B5D89B1D610E} = {2D994CDA-7579-42EC-A97A-060E33A311F8}
		{588CDDDB-DAB9-4F4C-A9F5-32AE81F12C07} = {AC05AAEA-12DA-4DD9-8035-2F18A9220642}
		{4654C89D-50CD-4FF9-9F5C-FE1E154CA185} = {AC05AAEA-12DA-4DD9-8035-2F18A9220642}
		{48DA61CD-8A61-462D-AB6E-F2916BA518C6} = {C450CFCF-A970-484B-9376-37F723D7FB86}
	EndGlobalSection
	GlobalSection(ExtensibilityGlobals) = postSolution
		SolutionGuid = {ED9AEF38-6655-4231-ADFA-4376176FAE48}
	EndGlobalSection
EndGlobal
